
Microsoft Visual Studio Solution File, Format Version 12.00
# Visual Studio 15
VisualStudioVersion = 15.0.28307.136
MinimumVisualStudioVersion = 10.0.40219.1
Project("{FAE04EC0-301F-11D3-BF4B-00C04F79EFBC}") = "HilbertovaKriva1", "1_krive_fraktali\4a_hilbertova_kriva1\HilbertovaKriva1.csproj", "{2DD08D56-7AA0-4B3E-8641-85E31F1990C3}"
EndProject
Project("{2150E333-8FDC-42A3-9474-1A3956D46DE8}") = "1_krive_fraktali", "1_krive_fraktali", "{D55BEB9F-C237-45AD-BA52-204E52D766FC}"
EndProject
Project("{FAE04EC0-301F-11D3-BF4B-00C04F79EFBC}") = "HilbertovaKriva2", "1_krive_fraktali\4b_hilbertova_kriva2\HilbertovaKriva2.csproj", "{3F110BFD-B876-4939-93AB-1CF079743698}"
EndProject
Project("{FAE04EC0-301F-11D3-BF4B-00C04F79EFBC}") = "Drvca", "1_krive_fraktali\5_drvca\Drvca.csproj", "{9FA254E8-B124-4A4C-A708-0B664E5E03D9}"
EndProject
Project("{FAE04EC0-301F-11D3-BF4B-00C04F79EFBC}") = "L_sistem", "1_krive_fraktali\6_l_sistem\L_sistem.csproj", "{E4734BE0-86D7-4D13-8627-9CF5F62C9BB3}"
EndProject
Project("{2150E333-8FDC-42A3-9474-1A3956D46DE8}") = "2_bektrek", "2_bektrek", "{DC75CC13-1769-47EA-B4E1-3CF172BDE11A}"
EndProject
Project("{FAE04EC0-301F-11D3-BF4B-00C04F79EFBC}") = "Ndama", "2_bektrek\n_dama\Ndama.csproj", "{D8D7527F-1F9D-4D3F-AE8C-BF3E8282A704}"
EndProject
Project("{FAE04EC0-301F-11D3-BF4B-00C04F79EFBC}") = "Lavirint", "2_bektrek\lavirint\Lavirint.csproj", "{74D95835-6D11-40DF-B46C-0627A0FD1E2F}"
EndProject
Project("{2150E333-8FDC-42A3-9474-1A3956D46DE8}") = "3_bektrek_opt", "3_bektrek_opt", "{FB4788A9-A954-47A4-A0FF-24BD0F797312}"
EndProject
Project("{FAE04EC0-301F-11D3-BF4B-00C04F79EFBC}") = "Preskakalica", "3_bektrek_opt\preskakalica\Preskakalica.csproj", "{47872EC3-9EF7-40AE-9292-572B6FD77197}"
EndProject
Project("{FAE04EC0-301F-11D3-BF4B-00C04F79EFBC}") = "PreskakalicaOpt", "3_bektrek_opt\preskakalica_opt\PreskakalicaOpt.csproj", "{1ABCC561-5F83-4CB3-9034-917403860E88}"
EndProject
Project("{FAE04EC0-301F-11D3-BF4B-00C04F79EFBC}") = "SkakacevaTura", "3_bektrek_opt\skakaceva_tura\SkakacevaTura.csproj", "{F20B3420-3920-4005-BC12-FBF732CA9E58}"
EndProject
Project("{FAE04EC0-301F-11D3-BF4B-00C04F79EFBC}") = "SkakacevaTuraOpt", "3_bektrek_opt\skakaceva_tura_opt\SkakacevaTuraOpt.csproj", "{CCB84DD9-421B-433E-8842-FB1DAB0075B4}"
EndProject
Project("{FAE04EC0-301F-11D3-BF4B-00C04F79EFBC}") = "Sudoku", "3_bektrek_opt\sudoku\Sudoku.csproj", "{90E6951D-AFA9-499A-A115-2BDEE4DB2DFE}"
EndProject
Project("{FAE04EC0-301F-11D3-BF4B-00C04F79EFBC}") = "SudokuOpt", "3_bektrek_opt\sudoku_opt\SudokuOpt.csproj", "{E57124A0-B9D2-435F-94F7-C76CF4D255FD}"
EndProject
Project("{2150E333-8FDC-42A3-9474-1A3956D46DE8}") = "4_podeli_pa_vladaj", "4_podeli_pa_vladaj", "{FD7C44A7-B9B6-4CB0-9888-5639290D98CB}"
EndProject
Project("{FAE04EC0-301F-11D3-BF4B-00C04F79EFBC}") = "Trimino", "4_podeli_pa_vladaj\Trimino\Trimino.csproj", "{B52530BB-6FCD-4924-8FD2-9A6B7BDEA05E}"
EndProject
Project("{2150E333-8FDC-42A3-9474-1A3956D46DE8}") = "3a_bektrek_opt_konzolne", "3a_bektrek_opt_konzolne", "{FD43C779-DBC7-4C3A-B05B-8BD1D4BF59BE}"
EndProject
Project("{FAE04EC0-301F-11D3-BF4B-00C04F79EFBC}") = "Ikosaedar", "3a_bektrek_opt_konzolne\Ikosaedar\Ikosaedar.csproj", "{61DDFDB2-4722-4089-87C0-277DC6E17B1A}"
EndProject
Project("{FAE04EC0-301F-11D3-BF4B-00C04F79EFBC}") = "IkosaedarBB", "3a_bektrek_opt_konzolne\ikosaedar_bb\IkosaedarBB.csproj", "{7CDE11EB-F318-4C13-9444-784C31728784}"
EndProject
Project("{FAE04EC0-301F-11D3-BF4B-00C04F79EFBC}") = "Sjerpinski", "1_krive_fraktali\1_sjerpinski\Sjerpinski.csproj", "{7D4265E6-15B7-44BF-97E1-B1B227EBD200}"
EndProject
Project("{FAE04EC0-301F-11D3-BF4B-00C04F79EFBC}") = "KohovaKriva", "1_krive_fraktali\3_kohova_kriva\KohovaKriva.csproj", "{7AFC48B2-FEBA-4EBB-AC83-BD054A747C30}"
EndProject
Project("{FAE04EC0-301F-11D3-BF4B-00C04F79EFBC}") = "BinarnoDrvo", "1_krive_fraktali\2_binarno_drvo\BinarnoDrvo.csproj", "{8702F72C-A24A-46B0-98E2-40C88087DB1C}"
EndProject
Global
	GlobalSection(SolutionConfigurationPlatforms) = preSolution
		Debug|Any CPU = Debug|Any CPU
		Release|Any CPU = Release|Any CPU
	EndGlobalSection
	GlobalSection(ProjectConfigurationPlatforms) = postSolution
		{2DD08D56-7AA0-4B3E-8641-85E31F1990C3}.Debug|Any CPU.ActiveCfg = Debug|Any CPU
		{2DD08D56-7AA0-4B3E-8641-85E31F1990C3}.Debug|Any CPU.Build.0 = Debug|Any CPU
		{2DD08D56-7AA0-4B3E-8641-85E31F1990C3}.Release|Any CPU.ActiveCfg = Release|Any CPU
		{2DD08D56-7AA0-4B3E-8641-85E31F1990C3}.Release|Any CPU.Build.0 = Release|Any CPU
		{3F110BFD-B876-4939-93AB-1CF079743698}.Debug|Any CPU.ActiveCfg = Debug|Any CPU
		{3F110BFD-B876-4939-93AB-1CF079743698}.Debug|Any CPU.Build.0 = Debug|Any CPU
		{3F110BFD-B876-4939-93AB-1CF079743698}.Release|Any CPU.ActiveCfg = Release|Any CPU
		{3F110BFD-B876-4939-93AB-1CF079743698}.Release|Any CPU.Build.0 = Release|Any CPU
		{9FA254E8-B124-4A4C-A708-0B664E5E03D9}.Debug|Any CPU.ActiveCfg = Debug|Any CPU
		{9FA254E8-B124-4A4C-A708-0B664E5E03D9}.Debug|Any CPU.Build.0 = Debug|Any CPU
		{9FA254E8-B124-4A4C-A708-0B664E5E03D9}.Release|Any CPU.ActiveCfg = Release|Any CPU
		{9FA254E8-B124-4A4C-A708-0B664E5E03D9}.Release|Any CPU.Build.0 = Release|Any CPU
		{E4734BE0-86D7-4D13-8627-9CF5F62C9BB3}.Debug|Any CPU.ActiveCfg = Debug|Any CPU
		{E4734BE0-86D7-4D13-8627-9CF5F62C9BB3}.Debug|Any CPU.Build.0 = Debug|Any CPU
		{E4734BE0-86D7-4D13-8627-9CF5F62C9BB3}.Release|Any CPU.ActiveCfg = Release|Any CPU
		{E4734BE0-86D7-4D13-8627-9CF5F62C9BB3}.Release|Any CPU.Build.0 = Release|Any CPU
		{D8D7527F-1F9D-4D3F-AE8C-BF3E8282A704}.Debug|Any CPU.ActiveCfg = Debug|Any CPU
		{D8D7527F-1F9D-4D3F-AE8C-BF3E8282A704}.Debug|Any CPU.Build.0 = Debug|Any CPU
		{D8D7527F-1F9D-4D3F-AE8C-BF3E8282A704}.Release|Any CPU.ActiveCfg = Release|Any CPU
		{D8D7527F-1F9D-4D3F-AE8C-BF3E8282A704}.Release|Any CPU.Build.0 = Release|Any CPU
		{74D95835-6D11-40DF-B46C-0627A0FD1E2F}.Debug|Any CPU.ActiveCfg = Debug|Any CPU
		{74D95835-6D11-40DF-B46C-0627A0FD1E2F}.Debug|Any CPU.Build.0 = Debug|Any CPU
		{74D95835-6D11-40DF-B46C-0627A0FD1E2F}.Release|Any CPU.ActiveCfg = Release|Any CPU
		{74D95835-6D11-40DF-B46C-0627A0FD1E2F}.Release|Any CPU.Build.0 = Release|Any CPU
		{47872EC3-9EF7-40AE-9292-572B6FD77197}.Debug|Any CPU.ActiveCfg = Debug|Any CPU
		{47872EC3-9EF7-40AE-9292-572B6FD77197}.Debug|Any CPU.Build.0 = Debug|Any CPU
		{47872EC3-9EF7-40AE-9292-572B6FD77197}.Release|Any CPU.ActiveCfg = Release|Any CPU
		{47872EC3-9EF7-40AE-9292-572B6FD77197}.Release|Any CPU.Build.0 = Release|Any CPU
		{1ABCC561-5F83-4CB3-9034-917403860E88}.Debug|Any CPU.ActiveCfg = Debug|Any CPU
		{1ABCC561-5F83-4CB3-9034-917403860E88}.Debug|Any CPU.Build.0 = Debug|Any CPU
		{1ABCC561-5F83-4CB3-9034-917403860E88}.Release|Any CPU.ActiveCfg = Release|Any CPU
		{1ABCC561-5F83-4CB3-9034-917403860E88}.Release|Any CPU.Build.0 = Release|Any CPU
		{F20B3420-3920-4005-BC12-FBF732CA9E58}.Debug|Any CPU.ActiveCfg = Debug|Any CPU
		{F20B3420-3920-4005-BC12-FBF732CA9E58}.Debug|Any CPU.Build.0 = Debug|Any CPU
		{F20B3420-3920-4005-BC12-FBF732CA9E58}.Release|Any CPU.ActiveCfg = Release|Any CPU
		{F20B3420-3920-4005-BC12-FBF732CA9E58}.Release|Any CPU.Build.0 = Release|Any CPU
		{CCB84DD9-421B-433E-8842-FB1DAB0075B4}.Debug|Any CPU.ActiveCfg = Debug|Any CPU
		{CCB84DD9-421B-433E-8842-FB1DAB0075B4}.Debug|Any CPU.Build.0 = Debug|Any CPU
		{CCB84DD9-421B-433E-8842-FB1DAB0075B4}.Release|Any CPU.ActiveCfg = Release|Any CPU
		{CCB84DD9-421B-433E-8842-FB1DAB0075B4}.Release|Any CPU.Build.0 = Release|Any CPU
		{90E6951D-AFA9-499A-A115-2BDEE4DB2DFE}.Debug|Any CPU.ActiveCfg = Debug|Any CPU
		{90E6951D-AFA9-499A-A115-2BDEE4DB2DFE}.Debug|Any CPU.Build.0 = Debug|Any CPU
		{90E6951D-AFA9-499A-A115-2BDEE4DB2DFE}.Release|Any CPU.ActiveCfg = Release|Any CPU
		{90E6951D-AFA9-499A-A115-2BDEE4DB2DFE}.Release|Any CPU.Build.0 = Release|Any CPU
		{E57124A0-B9D2-435F-94F7-C76CF4D255FD}.Debug|Any CPU.ActiveCfg = Debug|Any CPU
		{E57124A0-B9D2-435F-94F7-C76CF4D255FD}.Debug|Any CPU.Build.0 = Debug|Any CPU
		{E57124A0-B9D2-435F-94F7-C76CF4D255FD}.Release|Any CPU.ActiveCfg = Release|Any CPU
		{E57124A0-B9D2-435F-94F7-C76CF4D255FD}.Release|Any CPU.Build.0 = Release|Any CPU
		{B52530BB-6FCD-4924-8FD2-9A6B7BDEA05E}.Debug|Any CPU.ActiveCfg = Debug|Any CPU
		{B52530BB-6FCD-4924-8FD2-9A6B7BDEA05E}.Debug|Any CPU.Build.0 = Debug|Any CPU
		{B52530BB-6FCD-4924-8FD2-9A6B7BDEA05E}.Release|Any CPU.ActiveCfg = Release|Any CPU
		{B52530BB-6FCD-4924-8FD2-9A6B7BDEA05E}.Release|Any CPU.Build.0 = Release|Any CPU
		{61DDFDB2-4722-4089-87C0-277DC6E17B1A}.Debug|Any CPU.ActiveCfg = Debug|Any CPU
		{61DDFDB2-4722-4089-87C0-277DC6E17B1A}.Debug|Any CPU.Build.0 = Debug|Any CPU
		{61DDFDB2-4722-4089-87C0-277DC6E17B1A}.Release|Any CPU.ActiveCfg = Release|Any CPU
		{61DDFDB2-4722-4089-87C0-277DC6E17B1A}.Release|Any CPU.Build.0 = Release|Any CPU
		{7CDE11EB-F318-4C13-9444-784C31728784}.Debug|Any CPU.ActiveCfg = Debug|Any CPU
		{7CDE11EB-F318-4C13-9444-784C31728784}.Debug|Any CPU.Build.0 = Debug|Any CPU
		{7CDE11EB-F318-4C13-9444-784C31728784}.Release|Any CPU.ActiveCfg = Release|Any CPU
		{7CDE11EB-F318-4C13-9444-784C31728784}.Release|Any CPU.Build.0 = Release|Any CPU
		{7D4265E6-15B7-44BF-97E1-B1B227EBD200}.Debug|Any CPU.ActiveCfg = Debug|Any CPU
		{7D4265E6-15B7-44BF-97E1-B1B227EBD200}.Debug|Any CPU.Build.0 = Debug|Any CPU
		{7D4265E6-15B7-44BF-97E1-B1B227EBD200}.Release|Any CPU.ActiveCfg = Release|Any CPU
		{7D4265E6-15B7-44BF-97E1-B1B227EBD200}.Release|Any CPU.Build.0 = Release|Any CPU
		{7AFC48B2-FEBA-4EBB-AC83-BD054A747C30}.Debug|Any CPU.ActiveCfg = Debug|Any CPU
		{7AFC48B2-FEBA-4EBB-AC83-BD054A747C30}.Debug|Any CPU.Build.0 = Debug|Any CPU
		{7AFC48B2-FEBA-4EBB-AC83-BD054A747C30}.Release|Any CPU.ActiveCfg = Release|Any CPU
		{7AFC48B2-FEBA-4EBB-AC83-BD054A747C30}.Release|Any CPU.Build.0 = Release|Any CPU
		{8702F72C-A24A-46B0-98E2-40C88087DB1C}.Debug|Any CPU.ActiveCfg = Debug|Any CPU
		{8702F72C-A24A-46B0-98E2-40C88087DB1C}.Debug|Any CPU.Build.0 = Debug|Any CPU
		{8702F72C-A24A-46B0-98E2-40C88087DB1C}.Release|Any CPU.ActiveCfg = Release|Any CPU
		{8702F72C-A24A-46B0-98E2-40C88087DB1C}.Release|Any CPU.Build.0 = Release|Any CPU
	EndGlobalSection
	GlobalSection(SolutionProperties) = preSolution
		HideSolutionNode = FALSE
	EndGlobalSection
	GlobalSection(NestedProjects) = preSolution
		{2DD08D56-7AA0-4B3E-8641-85E31F1990C3} = {D55BEB9F-C237-45AD-BA52-204E52D766FC}
		{3F110BFD-B876-4939-93AB-1CF079743698} = {D55BEB9F-C237-45AD-BA52-204E52D766FC}
		{9FA254E8-B124-4A4C-A708-0B664E5E03D9} = {D55BEB9F-C237-45AD-BA52-204E52D766FC}
		{E4734BE0-86D7-4D13-8627-9CF5F62C9BB3} = {D55BEB9F-C237-45AD-BA52-204E52D766FC}
		{D8D7527F-1F9D-4D3F-AE8C-BF3E8282A704} = {DC75CC13-1769-47EA-B4E1-3CF172BDE11A}
		{74D95835-6D11-40DF-B46C-0627A0FD1E2F} = {DC75CC13-1769-47EA-B4E1-3CF172BDE11A}
		{47872EC3-9EF7-40AE-9292-572B6FD77197} = {FB4788A9-A954-47A4-A0FF-24BD0F797312}
		{1ABCC561-5F83-4CB3-9034-917403860E88} = {FB4788A9-A954-47A4-A0FF-24BD0F797312}
		{F20B3420-3920-4005-BC12-FBF732CA9E58} = {FB4788A9-A954-47A4-A0FF-24BD0F797312}
		{CCB84DD9-421B-433E-8842-FB1DAB0075B4} = {FB4788A9-A954-47A4-A0FF-24BD0F797312}
		{90E6951D-AFA9-499A-A115-2BDEE4DB2DFE} = {FB4788A9-A954-47A4-A0FF-24BD0F797312}
		{E57124A0-B9D2-435F-94F7-C76CF4D255FD} = {FB4788A9-A954-47A4-A0FF-24BD0F797312}
		{B52530BB-6FCD-4924-8FD2-9A6B7BDEA05E} = {FD7C44A7-B9B6-4CB0-9888-5639290D98CB}
		{61DDFDB2-4722-4089-87C0-277DC6E17B1A} = {FD43C779-DBC7-4C3A-B05B-8BD1D4BF59BE}
		{7CDE11EB-F318-4C13-9444-784C31728784} = {FD43C779-DBC7-4C3A-B05B-8BD1D4BF59BE}
		{7D4265E6-15B7-44BF-97E1-B1B227EBD200} = {D55BEB9F-C237-45AD-BA52-204E52D766FC}
		{7AFC48B2-FEBA-4EBB-AC83-BD054A747C30} = {D55BEB9F-C237-45AD-BA52-204E52D766FC}
		{8702F72C-A24A-46B0-98E2-40C88087DB1C} = {D55BEB9F-C237-45AD-BA52-204E52D766FC}
	EndGlobalSection
	GlobalSection(ExtensibilityGlobals) = postSolution
		SolutionGuid = {FF010518-441B-4364-A3EF-B26580CB3164}
	EndGlobalSection
EndGlobal
